
Microsoft Visual Studio Solution File, Format Version 12.00
# Visual Studio Version 17
VisualStudioVersion = 17.14.36811.4
MinimumVisualStudioVersion = 10.0.40219.1
Project("{FAE04EC0-301F-11D3-BF4B-00C04F79EFBC}") = "Client.Wasm", "Client.Wasm\Client.Wasm.csproj", "{AE7EEA74-2FE0-136F-D797-854FD87E022A}"
EndProject
Project("{FAE04EC0-301F-11D3-BF4B-00C04F79EFBC}") = "Patient.ServiceDefaults", "Patient.ServiceDefaults\Patient.ServiceDefaults.csproj", "{97B30C3C-3125-4E99-BA67-240DD8126A25}"
EndProject
Project("{FAE04EC0-301F-11D3-BF4B-00C04F79EFBC}") = "Patient.Generator", "Patient.Generator\Patient.Generator.csproj", "{A9B4BB9B-9F03-4C1F-AB67-9DAD2E4D66BA}"
EndProject
Project("{FAE04EC0-301F-11D3-BF4B-00C04F79EFBC}") = "Patient.AppHost", "Patient.AppHost\Patient.AppHost.csproj", "{07AFB6CB-7359-432D-BF0B-14BA7C582AA5}"
EndProject
Global
	GlobalSection(SolutionConfigurationPlatforms) = preSolution
		Debug|Any CPU = Debug|Any CPU
		Release|Any CPU = Release|Any CPU
	EndGlobalSection
	GlobalSection(ProjectConfigurationPlatforms) = postSolution
		{AE7EEA74-2FE0-136F-D797-854FD87E022A}.Debug|Any CPU.ActiveCfg = Debug|Any CPU
		{AE7EEA74-2FE0-136F-D797-854FD87E022A}.Debug|Any CPU.Build.0 = Debug|Any CPU
		{AE7EEA74-2FE0-136F-D797-854FD87E022A}.Release|Any CPU.ActiveCfg = Release|Any CPU
		{AE7EEA74-2FE0-136F-D797-854FD87E022A}.Release|Any CPU.Build.0 = Release|Any CPU
		{97B30C3C-3125-4E99-BA67-240DD8126A25}.Debug|Any CPU.ActiveCfg = Debug|Any CPU
		{97B30C3C-3125-4E99-BA67-240DD8126A25}.Debug|Any CPU.Build.0 = Debug|Any CPU
		{97B30C3C-3125-4E99-BA67-240DD8126A25}.Release|Any CPU.ActiveCfg = Release|Any CPU
		{97B30C3C-3125-4E99-BA67-240DD8126A25}.Release|Any CPU.Build.0 = Release|Any CPU
		{A9B4BB9B-9F03-4C1F-AB67-9DAD2E4D66BA}.Debug|Any CPU.ActiveCfg = Debug|Any CPU
		{A9B4BB9B-9F03-4C1F-AB67-9DAD2E4D66BA}.Debug|Any CPU.Build.0 = Debug|Any CPU
		{A9B4BB9B-9F03-4C1F-AB67-9DAD2E4D66BA}.Release|Any CPU.ActiveCfg = Release|Any CPU
		{A9B4BB9B-9F03-4C1F-AB67-9DAD2E4D66BA}.Release|Any CPU.Build.0 = Release|Any CPU
		{07AFB6CB-7359-432D-BF0B-14BA7C582AA5}.Debug|Any CPU.ActiveCfg = Debug|Any CPU
		{07AFB6CB-7359-432D-BF0B-14BA7C582AA5}.Debug|Any CPU.Build.0 = Debug|Any CPU
		{07AFB6CB-7359-432D-BF0B-14BA7C582AA5}.Release|Any CPU.ActiveCfg = Release|Any CPU
		{07AFB6CB-7359-432D-BF0B-14BA7C582AA5}.Release|Any CPU.Build.0 = Release|Any CPU
	EndGlobalSection
	GlobalSection(SolutionProperties) = preSolution
		HideSolutionNode = FALSE
	EndGlobalSection
	GlobalSection(ExtensibilityGlobals) = postSolution
		SolutionGuid = {90FE6B04-8381-437E-893A-FEBA1DA10AEE}
	EndGlobalSection
EndGlobal
